
Microsoft Visual Studio Solution File, Format Version 12.00
# Visual Studio 15
VisualStudioVersion = 15.0.26730.12
MinimumVisualStudioVersion = 10.0.40219.1
Project("{FAE04EC0-301F-11D3-BF4B-00C04F79EFBC}") = "DM_Project_v2", "DM_Project_v2\DM_Project_v2.csproj", "{2255D028-DC77-45D3-962A-768874CD068B}"
EndProject
Global
	GlobalSection(SolutionConfigurationPlatforms) = preSolution
		Debug|Any CPU = Debug|Any CPU
		Release|Any CPU = Release|Any CPU
	EndGlobalSection
	GlobalSection(ProjectConfigurationPlatforms) = postSolution
		{2255D028-DC77-45D3-962A-768874CD068B}.Debug|Any CPU.ActiveCfg = Debug|Any CPU
		{2255D028-DC77-45D3-962A-768874CD068B}.Debug|Any CPU.Build.0 = Debug|Any CPU
		{2255D028-DC77-45D3-962A-768874CD068B}.Release|Any CPU.ActiveCfg = Release|Any CPU
		{2255D028-DC77-45D3-962A-768874CD068B}.Release|Any CPU.Build.0 = Release|Any CPU
	EndGlobalSection
	GlobalSection(SolutionProperties) = preSolution
		HideSolutionNode = FALSE
	EndGlobalSection
	GlobalSection(ExtensibilityGlobals) = postSolution
		SolutionGuid = {7AC3A90B-A6E7-449D-A298-88413FA4DE28}
	EndGlobalSection
EndGlobal
